<?xml version="1.0" encoding="UTF-8" standalone="yes" ?>
<CodeBlocks_project_file>
	<FileVersion major="1" minor="6" />
	<Project>
		<Option title="Javalette" />
		<Option pch_mode="2" />
		<Option compiler="gcc" />
		<Build>
			<Target title="Debug">
				<Option output="bin/Debug/Javalette" prefix_auto="1" extension_auto="1" />
				<Option object_output="obj/Debug/" />
				<Option type="1" />
				<Option compiler="gcc" />
				<Compiler>
					<Add option="-g" />
					<Add directory="/home/frea/mrjp/" />
					<Add directory="/home/frea/mrjp/include" />
				</Compiler>
			</Target>
			<Target title="Release">
				<Option output="bin/Release/Javalette" prefix_auto="1" extension_auto="1" />
				<Option object_output="obj/Release/" />
				<Option type="1" />
				<Option compiler="gcc" />
				<Compiler>
					<Add option="-O2" />
				</Compiler>
				<Linker>
					<Add option="-s" />
				</Linker>
			</Target>
		</Build>
		<Compiler>
			<Add option="-Wall" />
		</Compiler>
		<Unit filename="../Printer.C">
			<Option compilerVar="CC" />
		</Unit>
		<Unit filename="../Test.C">
			<Option compilerVar="CC" />
		</Unit>
		<Unit filename="../analyzer/AssigmentVisitor.C">
			<Option compilerVar="CC" />
		</Unit>
		<Unit filename="../analyzer/DeclarationVisitor.C">
			<Option compilerVar="CC" />
		</Unit>
		<Unit filename="../analyzer/ExpresionVisitor.C">
			<Option compilerVar="CC" />
		</Unit>
		<Unit filename="../analyzer/FunctionVisitor.C">
			<Option compilerVar="CC" />
		</Unit>
		<Unit filename="../analyzer/InstructionVisitor.C">
			<Option compilerVar="CC" />
		</Unit>
		<Unit filename="../analyzer/Stdfunc.C">
			<Option compilerVar="CC" />
		</Unit>
		<Unit filename="../include/Absyn.H" />
		<Unit filename="../include/DeclarationVisitor.H" />
		<Unit filename="../include/ExpresionVisitor.H" />
		<Unit filename="../include/FunctionVisitor.H" />
		<Unit filename="../include/InstructionVisitor.H" />
		<Unit filename="../include/JType.H" />
		<Unit filename="../include/Logger.H" />
		<Unit filename="../include/Parser.H" />
		<Unit filename="../include/Printer.H" />
		<Unit filename="../include/Stdfunc.H" />
		<Unit filename="../include/Symbol.H" />
		<Unit filename="../include/SymbolTable.H" />
		<Unit filename="../lexer/Lexer.C">
			<Option compilerVar="CC" />
		</Unit>
		<Unit filename="../logger/Logger.C">
			<Option compilerVar="CC" />
		</Unit>
		<Unit filename="../parser/Absyn.C">
			<Option compilerVar="CC" />
		</Unit>
		<Unit filename="../parser/Parser.C">
			<Option compilerVar="CC" />
		</Unit>
		<Unit filename="../symboltable/Symbol.C">
			<Option compilerVar="CC" />
		</Unit>
		<Unit filename="../types/JType.C">
			<Option compilerVar="CC" />
		</Unit>
		<Extensions>
			<code_completion />
			<debugger />
			<envvars />
		</Extensions>
	</Project>
</CodeBlocks_project_file>
